// !$*UTF8*$!
{
	archiveVersion = 1;
	classes = {
	};
	objectVersion = 46;
	objects = {

/* Begin PBXBuildFile section */
		1A29E6961A7EBB4A00C24FEC /* AppDelegate.swift in Sources */ = {isa = PBXBuildFile; fileRef = 1A29E6951A7EBB4A00C24FEC /* AppDelegate.swift */; };
		1A29E69B1A7EBB4A00C24FEC /* Main.storyboard in Resources */ = {isa = PBXBuildFile; fileRef = 1A29E6991A7EBB4A00C24FEC /* Main.storyboard */; };
		1A29E69D1A7EBB4A00C24FEC /* Images.xcassets in Resources */ = {isa = PBXBuildFile; fileRef = 1A29E69C1A7EBB4A00C24FEC /* Images.xcassets */; };
		1A29E6A01A7EBB4A00C24FEC /* LaunchScreen.xib in Resources */ = {isa = PBXBuildFile; fileRef = 1A29E69E1A7EBB4A00C24FEC /* LaunchScreen.xib */; };
		1A29E6AC1A7EBB4A00C24FEC /* NavigationControllerDemoTests.swift in Sources */ = {isa = PBXBuildFile; fileRef = 1A29E6AB1A7EBB4A00C24FEC /* NavigationControllerDemoTests.swift */; };
/* End PBXBuildFile section */

/* Begin PBXContainerItemProxy section */
		1A29E6A61A7EBB4A00C24FEC /* PBXContainerItemProxy */ = {
			isa = PBXContainerItemProxy;
			containerPortal = 1A29E6881A7EBB4A00C24FEC /* Project object */;
			proxyType = 1;
			remoteGlobalIDString = 1A29E68F1A7EBB4A00C24FEC;
			remoteInfo = NavigationControllerDemo;
		};
/* End PBXContainerItemProxy section */

/* Begin PBXFileReference section */
		1A29E6901A7EBB4A00C24FEC /* NavigationControllerDemo.app */ = {isa = PBXFileReference; explicitFileType = wrapper.application; includeInIndex = 0; path = NavigationControllerDemo.app; sourceTree = BUILT_PRODUCTS_DIR; };
		1A29E6941A7EBB4A00C24FEC /* Info.plist */ = {isa = PBXFileReference; lastKnownFileType = text.plist.xml; path = Info.plist; sourceTree = "<group>"; };
		1A29E6951A7EBB4A00C24FEC /* AppDelegate.swift */ = {isa = PBXFileReference; lastKnownFileType = sourcecode.swift; path = AppDelegate.swift; sourceTree = "<group>"; };
		1A29E69A1A7EBB4A00C24FEC /* Base */ = {isa = PBXFileReference; lastKnownFileType = file.storyboard; name = Base; path = Base.lproj/Main.storyboard; sourceTree = "<group>"; };
		1A29E69C1A7EBB4A00C24FEC /* Images.xcassets */ = {isa = PBXFileReference; lastKnownFileType = folder.assetcatalog; path = Images.xcassets; sourceTree = "<group>"; };
		1A29E69F1A7EBB4A00C24FEC /* Base */ = {isa = PBXFileReference; lastKnownFileType = file.xib; name = Base; path = Base.lproj/LaunchScreen.xib; sourceTree = "<group>"; };
		1A29E6A51A7EBB4A00C24FEC /* NavigationControllerDemoTests.xctest */ = {isa = PBXFileReference; explicitFileType = wrapper.cfbundle; includeInIndex = 0; path = NavigationControllerDemoTests.xctest; sourceTree = BUILT_PRODUCTS_DIR; };
		1A29E6AA1A7EBB4A00C24FEC /* Info.plist */ = {isa = PBXFileReference; lastKnownFileType = text.plist.xml; path = Info.plist; sourceTree = "<group>"; };
		1A29E6AB1A7EBB4A00C24FEC /* NavigationControllerDemoTests.swift */ = {isa = PBXFileReference; lastKnownFileType = sourcecode.swift; path = NavigationControllerDemoTests.swift; sourceTree = "<group>"; };
/* End PBXFileReference section */

/* Begin PBXFrameworksBuildPhase section */
		1A29E68D1A7EBB4A00C24FEC /* Frameworks */ = {
			isa = PBXFrameworksBuildPhase;
			buildActionMask = 2147483647;
			files = (
			);
			runOnlyForDeploymentPostprocessing = 0;
		};
		1A29E6A21A7EBB4A00C24FEC /* Frameworks */ = {
			isa = PBXFrameworksBuildPhase;
			buildActionMask = 2147483647;
			files = (
			);
			runOnlyForDeploymentPostprocessing = 0;
		};
/* End PBXFrameworksBuildPhase section */

/* Begin PBXGroup section */
		1A29E6871A7EBB4A00C24FEC = {
			isa = PBXGroup;
			children = (
				1A29E6921A7EBB4A00C24FEC /* NavigationControllerDemo */,
				1A29E6A81A7EBB4A00C24FEC /* NavigationControllerDemoTests */,
				1A29E6911A7EBB4A00C24FEC /* Products */,
			);
			sourceTree = "<group>";
		};
		1A29E6911A7EBB4A00C24FEC /* Products */ = {
			isa = PBXGroup;
			children = (
				1A29E6901A7EBB4A00C24FEC /* NavigationControllerDemo.app */,
				1A29E6A51A7EBB4A00C24FEC /* NavigationControllerDemoTests.xctest */,
			);
			name = Products;
			sourceTree = "<group>";
		};
		1A29E6921A7EBB4A00C24FEC /* NavigationControllerDemo */ = {
			isa = PBXGroup;
			children = (
				1A29E6951A7EBB4A00C24FEC /* AppDelegate.swift */,
				1A29E6991A7EBB4A00C24FEC /* Main.storyboard */,
				1A29E69C1A7EBB4A00C24FEC /* Images.xcassets */,
				1A29E69E1A7EBB4A00C24FEC /* LaunchScreen.xib */,
				1A29E6931A7EBB4A00C24FEC /* Supporting Files */,
			);
			path = NavigationControllerDemo;
			sourceTree = "<group>";
		};
		1A29E6931A7EBB4A00C24FEC /* Supporting Files */ = {
			isa = PBXGroup;
			children = (
				1A29E6941A7EBB4A00C24FEC /* Info.plist */,
			);
			name = "Supporting Files";
			sourceTree = "<group>";
		};
		1A29E6A81A7EBB4A00C24FEC /* NavigationControllerDemoTests */ = {
			isa = PBXGroup;
			children = (
				1A29E6AB1A7EBB4A00C24FEC /* NavigationControllerDemoTests.swift */,
				1A29E6A91A7EBB4A00C24FEC /* Supporting Files */,
			);
			path = NavigationControllerDemoTests;
			sourceTree = "<group>";
		};
		1A29E6A91A7EBB4A00C24FEC /* Supporting Files */ = {
			isa = PBXGroup;
			children = (
				1A29E6AA1A7EBB4A00C24FEC /* Info.plist */,
			);
			name = "Supporting Files";
			sourceTree = "<group>";
		};
/* End PBXGroup section */

/* Begin PBXNativeTarget section */
		1A29E68F1A7EBB4A00C24FEC /* NavigationControllerDemo */ = {
			isa = PBXNativeTarget;
			buildConfigurationList = 1A29E6AF1A7EBB4A00C24FEC /* Build configuration list for PBXNativeTarget "NavigationControllerDemo" */;
			buildPhases = (
				1A29E68C1A7EBB4A00C24FEC /* Sources */,
				1A29E68D1A7EBB4A00C24FEC /* Frameworks */,
				1A29E68E1A7EBB4A00C24FEC /* Resources */,
			);
			buildRules = (
			);
			dependencies = (
			);
			name = NavigationControllerDemo;
			productName = NavigationControllerDemo;
			productReference = 1A29E6901A7EBB4A00C24FEC /* NavigationControllerDemo.app */;
			productType = "com.apple.product-type.application";
		};
		1A29E6A41A7EBB4A00C24FEC /* NavigationControllerDemoTests */ = {
			isa = PBXNativeTarget;
			buildConfigurationList = 1A29E6B21A7EBB4A00C24FEC /* Build configuration list for PBXNativeTarget "NavigationControllerDemoTests" */;
			buildPhases = (
				1A29E6A11A7EBB4A00C24FEC /* Sources */,
				1A29E6A21A7EBB4A00C24FEC /* Frameworks */,
				1A29E6A31A7EBB4A00C24FEC /* Resources */,
			);
			buildRules = (
			);
			dependencies = (
				1A29E6A71A7EBB4A00C24FEC /* PBXTargetDependency */,
			);
			name = NavigationControllerDemoTests;
			productName = NavigationControllerDemoTests;
			productReference = 1A29E6A51A7EBB4A00C24FEC /* NavigationControllerDemoTests.xctest */;
			productType = "com.apple.product-type.bundle.unit-test";
		};
/* End PBXNativeTarget section */

/* Begin PBXProject section */
		1A29E6881A7EBB4A00C24FEC /* Project object */ = {
			isa = PBXProject;
			attributes = {
				LastUpgradeCheck = 0610;
				ORGANIZATIONNAME = "Michael Zornek";
				TargetAttributes = {
					1A29E68F1A7EBB4A00C24FEC = {
						CreatedOnToolsVersion = 6.1;
					};
					1A29E6A41A7EBB4A00C24FEC = {
						CreatedOnToolsVersion = 6.1;
						TestTargetID = 1A29E68F1A7EBB4A00C24FEC;
					};
				};
			};
			buildConfigurationList = 1A29E68B1A7EBB4A00C24FEC /* Build configuration list for PBXProject "NavigationControllerDemo" */;
			compatibilityVersion = "Xcode 3.2";
			developmentRegion = English;
			hasScannedForEncodings = 0;
			knownRegions = (
				en,
				Base,
			);
			mainGroup = 1A29E6871A7EBB4A00C24FEC;
			productRefGroup = 1A29E6911A7EBB4A00C24FEC /* Products */;
			projectDirPath = "";
			projectRoot = "";
			targets = (
				1A29E68F1A7EBB4A00C24FEC /* NavigationControllerDemo */,
				1A29E6A41A7EBB4A00C24FEC /* NavigationControllerDemoTests */,
			);
		};
/* End PBXProject section */

/* Begin PBXResourcesBuildPhase section */
		1A29E68E1A7EBB4A00C24FEC /* Resources */ = {
			isa = PBXResourcesBuildPhase;
			buildActionMask = 2147483647;
			files = (
				1A29E69B1A7EBB4A00C24FEC /* Main.storyboard in Resources */,
				1A29E6A01A7EBB4A00C24FEC /* LaunchScreen.xib in Resources */,
				1A29E69D1A7EBB4A00C24FEC /* Images.xcassets in Resources */,
			);
			runOnlyForDeploymentPostprocessing = 0;
		};
		1A29E6A31A7EBB4A00C24FEC /* Resources */ = {
			isa = PBXResourcesBuildPhase;
			buildActionMask = 2147483647;
			files = (
			);
			runOnlyForDeploymentPostprocessing = 0;
		};
/* End PBXResourcesBuildPhase section */

/* Begin PBXSourcesBuildPhase section */
		1A29E68C1A7EBB4A00C24FEC /* Sources */ = {
			isa = PBXSourcesBuildPhase;
			buildActionMask = 2147483647;
			files = (
				1A29E6961A7EBB4A00C24FEC /* AppDelegate.swift in Sources */,
			);
			runOnlyForDeploymentPostprocessing = 0;
		};
		1A29E6A11A7EBB4A00C24FEC /* Sources */ = {
			isa = PBXSourcesBuildPhase;
			buildActionMask = 2147483647;
			files = (
				1A29E6AC1A7EBB4A00C24FEC /* NavigationControllerDemoTests.swift in Sources */,
			);
			runOnlyForDeploymentPostprocessing = 0;
		};
/* End PBXSourcesBuildPhase section */

/* Begin PBXTargetDependency section */
		1A29E6A71A7EBB4A00C24FEC /* PBXTargetDependency */ = {
			isa = PBXTargetDependency;
			target = 1A29E68F1A7EBB4A00C24FEC /* NavigationControllerDemo */;
			targetProxy = 1A29E6A61A7EBB4A00C24FEC /* PBXContainerItemProxy */;
		};
/* End PBXTargetDependency section */

/* Begin PBXVariantGroup section */
		1A29E6991A7EBB4A00C24FEC /* Main.storyboard */ = {
			isa = PBXVariantGroup;
			children = (
				1A29E69A1A7EBB4A00C24FEC /* Base */,
			);
			name = Main.storyboard;
			sourceTree = "<group>";
		};
		1A29E69E1A7EBB4A00C24FEC /* LaunchScreen.xib */ = {
			isa = PBXVariantGroup;
			children = (
				1A29E69F1A7EBB4A00C24FEC /* Base */,
			);
			name = LaunchScreen.xib;
			sourceTree = "<group>";
		};
/* End PBXVariantGroup section */

/* Begin XCBuildConfiguration section */
		1A29E6AD1A7EBB4A00C24FEC /* Debug */ = {
			isa = XCBuildConfiguration;
			buildSettings = {
				ALWAYS_SEARCH_USER_PATHS = NO;
				CLANG_CXX_LANGUAGE_STANDARD = "gnu++0x";
				CLANG_CXX_LIBRARY = "libc++";
				CLANG_ENABLE_MODULES = YES;
				CLANG_ENABLE_OBJC_ARC = YES;
				CLANG_WARN_BOOL_CONVERSION = YES;
				CLANG_WARN_CONSTANT_CONVERSION = YES;
				CLANG_WARN_DIRECT_OBJC_ISA_USAGE = YES_ERROR;
				CLANG_WARN_EMPTY_BODY = YES;
				CLANG_WARN_ENUM_CONVERSION = YES;
				CLANG_WARN_INT_CONVERSION = YES;
				CLANG_WARN_OBJC_ROOT_CLASS = YES_ERROR;
				CLANG_WARN_UNREACHABLE_CODE = YES;
				CLANG_WARN__DUPLICATE_METHOD_MATCH = YES;
				"CODE_SIGN_IDENTITY[sdk=iphoneos*]" = "iPhone Developer";
				COPY_PHASE_STRIP = NO;
				ENABLE_STRICT_OBJC_MSGSEND = YES;
				GCC_C_LANGUAGE_STANDARD = gnu99;
				GCC_DYNAMIC_NO_PIC = NO;
				GCC_OPTIMIZATION_LEVEL = 0;
				GCC_PREPROCESSOR_DEFINITIONS = (
					"DEBUG=1",
					"$(inherited)",
				);
				GCC_SYMBOLS_PRIVATE_EXTERN = NO;
				GCC_WARN_64_TO_32_BIT_CONVERSION = YES;
				GCC_WARN_ABOUT_RETURN_TYPE = YES_ERROR;
				GCC_WARN_UNDECLARED_SELECTOR = YES;
				GCC_WARN_UNINITIALIZED_AUTOS = YES_AGGRESSIVE;
				GCC_WARN_UNUSED_FUNCTION = YES;
				GCC_WARN_UNUSED_VARIABLE = YES;
				IPHONEOS_DEPLOYMENT_TARGET = 8.1;
				MTL_ENABLE_DEBUG_INFO = YES;
				ONLY_ACTIVE_ARCH = YES;
				SDKROOT = iphoneos;
				SWIFT_OPTIMIZATION_LEVEL = "-Onone";
			};
			name = Debug;
		};
		1A29E6AE1A7EBB4A00C24FEC /* Release */ = {
			isa = XCBuildConfiguration;
			buildSettings = {
				ALWAYS_SEARCH_USER_PATHS = NO;
				CLANG_CXX_LANGUAGE_STANDARD = "gnu++0x";
				CLANG_CXX_LIBRARY = "libc++";
				CLANG_ENABLE_MODULES = YES;
				CLANG_ENABLE_OBJC_ARC = YES;
				CLANG_WARN_BOOL_CONVERSION = YES;
				CLANG_WARN_CONSTANT_CONVERSION = YES;
				CLANG_WARN_DIRECT_OBJC_ISA_USAGE = YES_ERROR;
				CLANG_WARN_EMPTY_BODY = YES;
				CLANG_WARN_ENUM_CONVERSION = YES;
				CLANG_WARN_INT_CONVERSION = YES;
				CLANG_WARN_OBJC_ROOT_CLASS = YES_ERROR;
				CLANG_WARN_UNREACHABLE_CODE = YES;
				CLANG_WARN__DUPLICATE_METHOD_MATCH = YES;
				"CODE_SIGN_IDENTITY[sdk=iphoneos*]" = "iPhone Developer";
				COPY_PHASE_STRIP = YES;
				ENABLE_NS_ASSERTIONS = NO;
				ENABLE_STRICT_OBJC_MSGSEND = YES;
				GCC_C_LANGUAGE_STANDARD = gnu99;
				GCC_WARN_64_TO_32_BIT_CONVERSION = YES;
				GCC_WARN_ABOUT_RETURN_TYPE = YES_ERROR;
				GCC_WARN_UNDECLARED_SELECTOR = YES;
				GCC_WARN_UNINITIALIZED_AUTOS = YES_AGGRESSIVE;
				GCC_WARN_UNUSED_FUNCTION = YES;
				GCC_WARN_UNUSED_VARIABLE = YES;
				IPHONEOS_DEPLOYMENT_TARGET = 8.1;
				MTL_ENABLE_DEBUG_INFO = NO;
				SDKROOT = iphoneos;
				VALIDATE_PRODUCT = YES;
			};
			name = Release;
		};
		1A29E6B01A7EBB4A00C24FEC /* Debug */ = {
			isa = XCBuildConfiguration;
			buildSettings = {
				ASSETCATALOG_COMPILER_APPICON_NAME = AppIcon;
				INFOPLIST_FILE = NavigationControllerDemo/Info.plist;
				LD_RUNPATH_SEARCH_PATHS = "$(inherited) @executable_path/Frameworks";
				PRODUCT_NAME = "$(TARGET_NAME)";
			};
			name = Debug;
		};
		1A29E6B11A7EBB4A00C24FEC /* Release */ = {
			isa = XCBuildConfiguration;
			buildSettings = {
				ASSETCATALOG_COMPILER_APPICON_NAME = AppIcon;
				INFOPLIST_FILE = NavigationControllerDemo/Info.plist;
				LD_RUNPATH_SEARCH_PATHS = "$(inherited) @executable_path/Frameworks";
				PRODUCT_NAME = "$(TARGET_NAME)";
			};
			name = Release;
		};
		1A29E6B31A7EBB4A00C24FEC /* Debug */ = {
			isa = XCBuildConfiguration;
			buildSettings = {
				BUNDLE_LOADER = "$(TEST_HOST)";
				FRAMEWORK_SEARCH_PATHS = (
					"$(SDKROOT)/Developer/Library/Frameworks",
					"$(inherited)",
				);
				GCC_PREPROCESSOR_DEFINITIONS = (
					"DEBUG=1",
					"$(inherited)",
				);
				INFOPLIST_FILE = NavigationControllerDemoTests/Info.plist;
				LD_RUNPATH_SEARCH_PATHS = "$(inherited) @executable_path/Frameworks @loader_path/Frameworks";
				PRODUCT_NAME = "$(TARGET_NAME)";
				TEST_HOST = "$(BUILT_PRODUCTS_DIR)/NavigationControllerDemo.app/NavigationControllerDemo";
			};
			name = Debug;
		};
		1A29E6B41A7EBB4A00C24FEC /* Release */ = {
			isa = XCBuildConfiguration;
			buildSettings = {
				BUNDLE_LOADER = "$(TEST_HOST)";
				FRAMEWORK_SEARCH_PATHS = (
					"$(SDKROOT)/Developer/Library/Frameworks",
					"$(inherited)",
				);
				INFOPLIST_FILE = NavigationControllerDemoTests/Info.plist;
				LD_RUNPATH_SEARCH_PATHS = "$(inherited) @executable_path/Frameworks @loader_path/Frameworks";
				PRODUCT_NAME = "$(TARGET_NAME)";
				TEST_HOST = "$(BUILT_PRODUCTS_DIR)/NavigationControllerDemo.app/NavigationControllerDemo";
			};
			name = Release;
		};
/* End XCBuildConfiguration section */

/* Begin XCConfigurationList section */
		1A29E68B1A7EBB4A00C24FEC /* Build configuration list for PBXProject "NavigationControllerDemo" */ = {
			isa = XCConfigurationList;
			buildConfigurations = (
				1A29E6AD1A7EBB4A00C24FEC /* Debug */,
				1A29E6AE1A7EBB4A00C24FEC /* Release */,
			);
			defaultConfigurationIsVisible = 0;
			defaultConfigurationName = Release;
		};
		1A29E6AF1A7EBB4A00C24FEC /* Build configuration list for PBXNativeTarget "NavigationControllerDemo" */ = {
			isa = XCConfigurationList;
			buildConfigurations = (
				1A29E6B01A7EBB4A00C24FEC /* Debug */,
				1A29E6B11A7EBB4A00C24FEC /* Release */,
			);
			defaultConfigurationIsVisible = 0;
		};
		1A29E6B21A7EBB4A00C24FEC /* Build configuration list for PBXNativeTarget "NavigationControllerDemoTests" */ = {
			isa = XCConfigurationList;
			buildConfigurations = (
				1A29E6B31A7EBB4A00C24FEC /* Debug */,
				1A29E6B41A7EBB4A00C24FEC /* Release */,
			);
			defaultConfigurationIsVisible = 0;
		};
/* End XCConfigurationList section */
	};
	rootObject = 1A29E6881A7EBB4A00C24FEC /* Project object */;
}
