// !$*UTF8*$!
{
	archiveVersion = 1;
	classes = {
	};
	objectVersion = 46;
	objects = {

/* Begin PBXBuildFile section */
		1A9CC1E21A8395BB00F9801C /* AppDelegate.swift in Sources */ = {isa = PBXBuildFile; fileRef = 1A9CC1E11A8395BB00F9801C /* AppDelegate.swift */; };
		1A9CC1E41A8395BB00F9801C /* ViewController.swift in Sources */ = {isa = PBXBuildFile; fileRef = 1A9CC1E31A8395BB00F9801C /* ViewController.swift */; };
		1A9CC1E71A8395BB00F9801C /* Main.storyboard in Resources */ = {isa = PBXBuildFile; fileRef = 1A9CC1E51A8395BB00F9801C /* Main.storyboard */; };
		1A9CC1E91A8395BB00F9801C /* Images.xcassets in Resources */ = {isa = PBXBuildFile; fileRef = 1A9CC1E81A8395BB00F9801C /* Images.xcassets */; };
		1A9CC1EC1A8395BB00F9801C /* LaunchScreen.xib in Resources */ = {isa = PBXBuildFile; fileRef = 1A9CC1EA1A8395BB00F9801C /* LaunchScreen.xib */; };
		1A9CC1F81A8395BC00F9801C /* NetworkDemoTests.swift in Sources */ = {isa = PBXBuildFile; fileRef = 1A9CC1F71A8395BC00F9801C /* NetworkDemoTests.swift */; };
/* End PBXBuildFile section */

/* Begin PBXContainerItemProxy section */
		1A9CC1F21A8395BC00F9801C /* PBXContainerItemProxy */ = {
			isa = PBXContainerItemProxy;
			containerPortal = 1A9CC1D41A8395BB00F9801C /* Project object */;
			proxyType = 1;
			remoteGlobalIDString = 1A9CC1DB1A8395BB00F9801C;
			remoteInfo = NetworkDemo;
		};
/* End PBXContainerItemProxy section */

/* Begin PBXFileReference section */
		1A9CC1DC1A8395BB00F9801C /* NetworkDemo.app */ = {isa = PBXFileReference; explicitFileType = wrapper.application; includeInIndex = 0; path = NetworkDemo.app; sourceTree = BUILT_PRODUCTS_DIR; };
		1A9CC1E01A8395BB00F9801C /* Info.plist */ = {isa = PBXFileReference; lastKnownFileType = text.plist.xml; path = Info.plist; sourceTree = "<group>"; };
		1A9CC1E11A8395BB00F9801C /* AppDelegate.swift */ = {isa = PBXFileReference; lastKnownFileType = sourcecode.swift; path = AppDelegate.swift; sourceTree = "<group>"; };
		1A9CC1E31A8395BB00F9801C /* ViewController.swift */ = {isa = PBXFileReference; lastKnownFileType = sourcecode.swift; path = ViewController.swift; sourceTree = "<group>"; };
		1A9CC1E61A8395BB00F9801C /* Base */ = {isa = PBXFileReference; lastKnownFileType = file.storyboard; name = Base; path = Base.lproj/Main.storyboard; sourceTree = "<group>"; };
		1A9CC1E81A8395BB00F9801C /* Images.xcassets */ = {isa = PBXFileReference; lastKnownFileType = folder.assetcatalog; path = Images.xcassets; sourceTree = "<group>"; };
		1A9CC1EB1A8395BB00F9801C /* Base */ = {isa = PBXFileReference; lastKnownFileType = file.xib; name = Base; path = Base.lproj/LaunchScreen.xib; sourceTree = "<group>"; };
		1A9CC1F11A8395BC00F9801C /* NetworkDemoTests.xctest */ = {isa = PBXFileReference; explicitFileType = wrapper.cfbundle; includeInIndex = 0; path = NetworkDemoTests.xctest; sourceTree = BUILT_PRODUCTS_DIR; };
		1A9CC1F61A8395BC00F9801C /* Info.plist */ = {isa = PBXFileReference; lastKnownFileType = text.plist.xml; path = Info.plist; sourceTree = "<group>"; };
		1A9CC1F71A8395BC00F9801C /* NetworkDemoTests.swift */ = {isa = PBXFileReference; lastKnownFileType = sourcecode.swift; path = NetworkDemoTests.swift; sourceTree = "<group>"; };
/* End PBXFileReference section */

/* Begin PBXFrameworksBuildPhase section */
		1A9CC1D91A8395BB00F9801C /* Frameworks */ = {
			isa = PBXFrameworksBuildPhase;
			buildActionMask = 2147483647;
			files = (
			);
			runOnlyForDeploymentPostprocessing = 0;
		};
		1A9CC1EE1A8395BC00F9801C /* Frameworks */ = {
			isa = PBXFrameworksBuildPhase;
			buildActionMask = 2147483647;
			files = (
			);
			runOnlyForDeploymentPostprocessing = 0;
		};
/* End PBXFrameworksBuildPhase section */

/* Begin PBXGroup section */
		1A9CC1D31A8395BB00F9801C = {
			isa = PBXGroup;
			children = (
				1A9CC1DE1A8395BB00F9801C /* NetworkDemo */,
				1A9CC1F41A8395BC00F9801C /* NetworkDemoTests */,
				1A9CC1DD1A8395BB00F9801C /* Products */,
			);
			sourceTree = "<group>";
		};
		1A9CC1DD1A8395BB00F9801C /* Products */ = {
			isa = PBXGroup;
			children = (
				1A9CC1DC1A8395BB00F9801C /* NetworkDemo.app */,
				1A9CC1F11A8395BC00F9801C /* NetworkDemoTests.xctest */,
			);
			name = Products;
			sourceTree = "<group>";
		};
		1A9CC1DE1A8395BB00F9801C /* NetworkDemo */ = {
			isa = PBXGroup;
			children = (
				1A9CC1E11A8395BB00F9801C /* AppDelegate.swift */,
				1A9CC1E31A8395BB00F9801C /* ViewController.swift */,
				1A9CC1E51A8395BB00F9801C /* Main.storyboard */,
				1A9CC1E81A8395BB00F9801C /* Images.xcassets */,
				1A9CC1EA1A8395BB00F9801C /* LaunchScreen.xib */,
				1A9CC1DF1A8395BB00F9801C /* Supporting Files */,
			);
			path = NetworkDemo;
			sourceTree = "<group>";
		};
		1A9CC1DF1A8395BB00F9801C /* Supporting Files */ = {
			isa = PBXGroup;
			children = (
				1A9CC1E01A8395BB00F9801C /* Info.plist */,
			);
			name = "Supporting Files";
			sourceTree = "<group>";
		};
		1A9CC1F41A8395BC00F9801C /* NetworkDemoTests */ = {
			isa = PBXGroup;
			children = (
				1A9CC1F71A8395BC00F9801C /* NetworkDemoTests.swift */,
				1A9CC1F51A8395BC00F9801C /* Supporting Files */,
			);
			path = NetworkDemoTests;
			sourceTree = "<group>";
		};
		1A9CC1F51A8395BC00F9801C /* Supporting Files */ = {
			isa = PBXGroup;
			children = (
				1A9CC1F61A8395BC00F9801C /* Info.plist */,
			);
			name = "Supporting Files";
			sourceTree = "<group>";
		};
/* End PBXGroup section */

/* Begin PBXNativeTarget section */
		1A9CC1DB1A8395BB00F9801C /* NetworkDemo */ = {
			isa = PBXNativeTarget;
			buildConfigurationList = 1A9CC1FB1A8395BC00F9801C /* Build configuration list for PBXNativeTarget "NetworkDemo" */;
			buildPhases = (
				1A9CC1D81A8395BB00F9801C /* Sources */,
				1A9CC1D91A8395BB00F9801C /* Frameworks */,
				1A9CC1DA1A8395BB00F9801C /* Resources */,
			);
			buildRules = (
			);
			dependencies = (
			);
			name = NetworkDemo;
			productName = NetworkDemo;
			productReference = 1A9CC1DC1A8395BB00F9801C /* NetworkDemo.app */;
			productType = "com.apple.product-type.application";
		};
		1A9CC1F01A8395BC00F9801C /* NetworkDemoTests */ = {
			isa = PBXNativeTarget;
			buildConfigurationList = 1A9CC1FE1A8395BC00F9801C /* Build configuration list for PBXNativeTarget "NetworkDemoTests" */;
			buildPhases = (
				1A9CC1ED1A8395BC00F9801C /* Sources */,
				1A9CC1EE1A8395BC00F9801C /* Frameworks */,
				1A9CC1EF1A8395BC00F9801C /* Resources */,
			);
			buildRules = (
			);
			dependencies = (
				1A9CC1F31A8395BC00F9801C /* PBXTargetDependency */,
			);
			name = NetworkDemoTests;
			productName = NetworkDemoTests;
			productReference = 1A9CC1F11A8395BC00F9801C /* NetworkDemoTests.xctest */;
			productType = "com.apple.product-type.bundle.unit-test";
		};
/* End PBXNativeTarget section */

/* Begin PBXProject section */
		1A9CC1D41A8395BB00F9801C /* Project object */ = {
			isa = PBXProject;
			attributes = {
				LastUpgradeCheck = 0610;
				ORGANIZATIONNAME = "Clickable Bliss";
				TargetAttributes = {
					1A9CC1DB1A8395BB00F9801C = {
						CreatedOnToolsVersion = 6.1.1;
					};
					1A9CC1F01A8395BC00F9801C = {
						CreatedOnToolsVersion = 6.1.1;
						TestTargetID = 1A9CC1DB1A8395BB00F9801C;
					};
				};
			};
			buildConfigurationList = 1A9CC1D71A8395BB00F9801C /* Build configuration list for PBXProject "NetworkDemo" */;
			compatibilityVersion = "Xcode 3.2";
			developmentRegion = English;
			hasScannedForEncodings = 0;
			knownRegions = (
				en,
				Base,
			);
			mainGroup = 1A9CC1D31A8395BB00F9801C;
			productRefGroup = 1A9CC1DD1A8395BB00F9801C /* Products */;
			projectDirPath = "";
			projectRoot = "";
			targets = (
				1A9CC1DB1A8395BB00F9801C /* NetworkDemo */,
				1A9CC1F01A8395BC00F9801C /* NetworkDemoTests */,
			);
		};
/* End PBXProject section */

/* Begin PBXResourcesBuildPhase section */
		1A9CC1DA1A8395BB00F9801C /* Resources */ = {
			isa = PBXResourcesBuildPhase;
			buildActionMask = 2147483647;
			files = (
				1A9CC1E71A8395BB00F9801C /* Main.storyboard in Resources */,
				1A9CC1EC1A8395BB00F9801C /* LaunchScreen.xib in Resources */,
				1A9CC1E91A8395BB00F9801C /* Images.xcassets in Resources */,
			);
			runOnlyForDeploymentPostprocessing = 0;
		};
		1A9CC1EF1A8395BC00F9801C /* Resources */ = {
			isa = PBXResourcesBuildPhase;
			buildActionMask = 2147483647;
			files = (
			);
			runOnlyForDeploymentPostprocessing = 0;
		};
/* End PBXResourcesBuildPhase section */

/* Begin PBXSourcesBuildPhase section */
		1A9CC1D81A8395BB00F9801C /* Sources */ = {
			isa = PBXSourcesBuildPhase;
			buildActionMask = 2147483647;
			files = (
				1A9CC1E41A8395BB00F9801C /* ViewController.swift in Sources */,
				1A9CC1E21A8395BB00F9801C /* AppDelegate.swift in Sources */,
			);
			runOnlyForDeploymentPostprocessing = 0;
		};
		1A9CC1ED1A8395BC00F9801C /* Sources */ = {
			isa = PBXSourcesBuildPhase;
			buildActionMask = 2147483647;
			files = (
				1A9CC1F81A8395BC00F9801C /* NetworkDemoTests.swift in Sources */,
			);
			runOnlyForDeploymentPostprocessing = 0;
		};
/* End PBXSourcesBuildPhase section */

/* Begin PBXTargetDependency section */
		1A9CC1F31A8395BC00F9801C /* PBXTargetDependency */ = {
			isa = PBXTargetDependency;
			target = 1A9CC1DB1A8395BB00F9801C /* NetworkDemo */;
			targetProxy = 1A9CC1F21A8395BC00F9801C /* PBXContainerItemProxy */;
		};
/* End PBXTargetDependency section */

/* Begin PBXVariantGroup section */
		1A9CC1E51A8395BB00F9801C /* Main.storyboard */ = {
			isa = PBXVariantGroup;
			children = (
				1A9CC1E61A8395BB00F9801C /* Base */,
			);
			name = Main.storyboard;
			sourceTree = "<group>";
		};
		1A9CC1EA1A8395BB00F9801C /* LaunchScreen.xib */ = {
			isa = PBXVariantGroup;
			children = (
				1A9CC1EB1A8395BB00F9801C /* Base */,
			);
			name = LaunchScreen.xib;
			sourceTree = "<group>";
		};
/* End PBXVariantGroup section */

/* Begin XCBuildConfiguration section */
		1A9CC1F91A8395BC00F9801C /* Debug */ = {
			isa = XCBuildConfiguration;
			buildSettings = {
				ALWAYS_SEARCH_USER_PATHS = NO;
				CLANG_CXX_LANGUAGE_STANDARD = "gnu++0x";
				CLANG_CXX_LIBRARY = "libc++";
				CLANG_ENABLE_MODULES = YES;
				CLANG_ENABLE_OBJC_ARC = YES;
				CLANG_WARN_BOOL_CONVERSION = YES;
				CLANG_WARN_CONSTANT_CONVERSION = YES;
				CLANG_WARN_DIRECT_OBJC_ISA_USAGE = YES_ERROR;
				CLANG_WARN_EMPTY_BODY = YES;
				CLANG_WARN_ENUM_CONVERSION = YES;
				CLANG_WARN_INT_CONVERSION = YES;
				CLANG_WARN_OBJC_ROOT_CLASS = YES_ERROR;
				CLANG_WARN_UNREACHABLE_CODE = YES;
				CLANG_WARN__DUPLICATE_METHOD_MATCH = YES;
				"CODE_SIGN_IDENTITY[sdk=iphoneos*]" = "iPhone Developer";
				COPY_PHASE_STRIP = NO;
				ENABLE_STRICT_OBJC_MSGSEND = YES;
				GCC_C_LANGUAGE_STANDARD = gnu99;
				GCC_DYNAMIC_NO_PIC = NO;
				GCC_OPTIMIZATION_LEVEL = 0;
				GCC_PREPROCESSOR_DEFINITIONS = (
					"DEBUG=1",
					"$(inherited)",
				);
				GCC_SYMBOLS_PRIVATE_EXTERN = NO;
				GCC_WARN_64_TO_32_BIT_CONVERSION = YES;
				GCC_WARN_ABOUT_RETURN_TYPE = YES_ERROR;
				GCC_WARN_UNDECLARED_SELECTOR = YES;
				GCC_WARN_UNINITIALIZED_AUTOS = YES_AGGRESSIVE;
				GCC_WARN_UNUSED_FUNCTION = YES;
				GCC_WARN_UNUSED_VARIABLE = YES;
				IPHONEOS_DEPLOYMENT_TARGET = 8.1;
				MTL_ENABLE_DEBUG_INFO = YES;
				ONLY_ACTIVE_ARCH = YES;
				SDKROOT = iphoneos;
				SWIFT_OPTIMIZATION_LEVEL = "-Onone";
			};
			name = Debug;
		};
		1A9CC1FA1A8395BC00F9801C /* Release */ = {
			isa = XCBuildConfiguration;
			buildSettings = {
				ALWAYS_SEARCH_USER_PATHS = NO;
				CLANG_CXX_LANGUAGE_STANDARD = "gnu++0x";
				CLANG_CXX_LIBRARY = "libc++";
				CLANG_ENABLE_MODULES = YES;
				CLANG_ENABLE_OBJC_ARC = YES;
				CLANG_WARN_BOOL_CONVERSION = YES;
				CLANG_WARN_CONSTANT_CONVERSION = YES;
				CLANG_WARN_DIRECT_OBJC_ISA_USAGE = YES_ERROR;
				CLANG_WARN_EMPTY_BODY = YES;
				CLANG_WARN_ENUM_CONVERSION = YES;
				CLANG_WARN_INT_CONVERSION = YES;
				CLANG_WARN_OBJC_ROOT_CLASS = YES_ERROR;
				CLANG_WARN_UNREACHABLE_CODE = YES;
				CLANG_WARN__DUPLICATE_METHOD_MATCH = YES;
				"CODE_SIGN_IDENTITY[sdk=iphoneos*]" = "iPhone Developer";
				COPY_PHASE_STRIP = YES;
				ENABLE_NS_ASSERTIONS = NO;
				ENABLE_STRICT_OBJC_MSGSEND = YES;
				GCC_C_LANGUAGE_STANDARD = gnu99;
				GCC_WARN_64_TO_32_BIT_CONVERSION = YES;
				GCC_WARN_ABOUT_RETURN_TYPE = YES_ERROR;
				GCC_WARN_UNDECLARED_SELECTOR = YES;
				GCC_WARN_UNINITIALIZED_AUTOS = YES_AGGRESSIVE;
				GCC_WARN_UNUSED_FUNCTION = YES;
				GCC_WARN_UNUSED_VARIABLE = YES;
				IPHONEOS_DEPLOYMENT_TARGET = 8.1;
				MTL_ENABLE_DEBUG_INFO = NO;
				SDKROOT = iphoneos;
				VALIDATE_PRODUCT = YES;
			};
			name = Release;
		};
		1A9CC1FC1A8395BC00F9801C /* Debug */ = {
			isa = XCBuildConfiguration;
			buildSettings = {
				ASSETCATALOG_COMPILER_APPICON_NAME = AppIcon;
				INFOPLIST_FILE = NetworkDemo/Info.plist;
				LD_RUNPATH_SEARCH_PATHS = "$(inherited) @executable_path/Frameworks";
				PRODUCT_NAME = "$(TARGET_NAME)";
			};
			name = Debug;
		};
		1A9CC1FD1A8395BC00F9801C /* Release */ = {
			isa = XCBuildConfiguration;
			buildSettings = {
				ASSETCATALOG_COMPILER_APPICON_NAME = AppIcon;
				INFOPLIST_FILE = NetworkDemo/Info.plist;
				LD_RUNPATH_SEARCH_PATHS = "$(inherited) @executable_path/Frameworks";
				PRODUCT_NAME = "$(TARGET_NAME)";
			};
			name = Release;
		};
		1A9CC1FF1A8395BC00F9801C /* Debug */ = {
			isa = XCBuildConfiguration;
			buildSettings = {
				BUNDLE_LOADER = "$(TEST_HOST)";
				FRAMEWORK_SEARCH_PATHS = (
					"$(SDKROOT)/Developer/Library/Frameworks",
					"$(inherited)",
				);
				GCC_PREPROCESSOR_DEFINITIONS = (
					"DEBUG=1",
					"$(inherited)",
				);
				INFOPLIST_FILE = NetworkDemoTests/Info.plist;
				LD_RUNPATH_SEARCH_PATHS = "$(inherited) @executable_path/Frameworks @loader_path/Frameworks";
				PRODUCT_NAME = "$(TARGET_NAME)";
				TEST_HOST = "$(BUILT_PRODUCTS_DIR)/NetworkDemo.app/NetworkDemo";
			};
			name = Debug;
		};
		1A9CC2001A8395BC00F9801C /* Release */ = {
			isa = XCBuildConfiguration;
			buildSettings = {
				BUNDLE_LOADER = "$(TEST_HOST)";
				FRAMEWORK_SEARCH_PATHS = (
					"$(SDKROOT)/Developer/Library/Frameworks",
					"$(inherited)",
				);
				INFOPLIST_FILE = NetworkDemoTests/Info.plist;
				LD_RUNPATH_SEARCH_PATHS = "$(inherited) @executable_path/Frameworks @loader_path/Frameworks";
				PRODUCT_NAME = "$(TARGET_NAME)";
				TEST_HOST = "$(BUILT_PRODUCTS_DIR)/NetworkDemo.app/NetworkDemo";
			};
			name = Release;
		};
/* End XCBuildConfiguration section */

/* Begin XCConfigurationList section */
		1A9CC1D71A8395BB00F9801C /* Build configuration list for PBXProject "NetworkDemo" */ = {
			isa = XCConfigurationList;
			buildConfigurations = (
				1A9CC1F91A8395BC00F9801C /* Debug */,
				1A9CC1FA1A8395BC00F9801C /* Release */,
			);
			defaultConfigurationIsVisible = 0;
			defaultConfigurationName = Release;
		};
		1A9CC1FB1A8395BC00F9801C /* Build configuration list for PBXNativeTarget "NetworkDemo" */ = {
			isa = XCConfigurationList;
			buildConfigurations = (
				1A9CC1FC1A8395BC00F9801C /* Debug */,
				1A9CC1FD1A8395BC00F9801C /* Release */,
			);
			defaultConfigurationIsVisible = 0;
		};
		1A9CC1FE1A8395BC00F9801C /* Build configuration list for PBXNativeTarget "NetworkDemoTests" */ = {
			isa = XCConfigurationList;
			buildConfigurations = (
				1A9CC1FF1A8395BC00F9801C /* Debug */,
				1A9CC2001A8395BC00F9801C /* Release */,
			);
			defaultConfigurationIsVisible = 0;
		};
/* End XCConfigurationList section */
	};
	rootObject = 1A9CC1D41A8395BB00F9801C /* Project object */;
}
