// !$*UTF8*$!
{
	archiveVersion = 1;
	classes = {
	};
	objectVersion = 46;
	objects = {

/* Begin PBXBuildFile section */
		1AD0F95A1A81BF8F007161F5 /* AppDelegate.swift in Sources */ = {isa = PBXBuildFile; fileRef = 1AD0F9591A81BF8F007161F5 /* AppDelegate.swift */; };
		1AD0F95F1A81BF8F007161F5 /* Main.storyboard in Resources */ = {isa = PBXBuildFile; fileRef = 1AD0F95D1A81BF8F007161F5 /* Main.storyboard */; };
		1AD0F9611A81BF8F007161F5 /* Images.xcassets in Resources */ = {isa = PBXBuildFile; fileRef = 1AD0F9601A81BF8F007161F5 /* Images.xcassets */; };
		1AD0F9641A81BF8F007161F5 /* LaunchScreen.xib in Resources */ = {isa = PBXBuildFile; fileRef = 1AD0F9621A81BF8F007161F5 /* LaunchScreen.xib */; };
		1AD0F9701A81BF8F007161F5 /* AutoLayoutDemoTests.swift in Sources */ = {isa = PBXBuildFile; fileRef = 1AD0F96F1A81BF8F007161F5 /* AutoLayoutDemoTests.swift */; };
/* End PBXBuildFile section */

/* Begin PBXContainerItemProxy section */
		1AD0F96A1A81BF8F007161F5 /* PBXContainerItemProxy */ = {
			isa = PBXContainerItemProxy;
			containerPortal = 1AD0F94C1A81BF8F007161F5 /* Project object */;
			proxyType = 1;
			remoteGlobalIDString = 1AD0F9531A81BF8F007161F5;
			remoteInfo = AutoLayoutDemo;
		};
/* End PBXContainerItemProxy section */

/* Begin PBXFileReference section */
		1AD0F9541A81BF8F007161F5 /* AutoLayoutDemo.app */ = {isa = PBXFileReference; explicitFileType = wrapper.application; includeInIndex = 0; path = AutoLayoutDemo.app; sourceTree = BUILT_PRODUCTS_DIR; };
		1AD0F9581A81BF8F007161F5 /* Info.plist */ = {isa = PBXFileReference; lastKnownFileType = text.plist.xml; path = Info.plist; sourceTree = "<group>"; };
		1AD0F9591A81BF8F007161F5 /* AppDelegate.swift */ = {isa = PBXFileReference; lastKnownFileType = sourcecode.swift; path = AppDelegate.swift; sourceTree = "<group>"; };
		1AD0F95E1A81BF8F007161F5 /* Base */ = {isa = PBXFileReference; lastKnownFileType = file.storyboard; name = Base; path = Base.lproj/Main.storyboard; sourceTree = "<group>"; };
		1AD0F9601A81BF8F007161F5 /* Images.xcassets */ = {isa = PBXFileReference; lastKnownFileType = folder.assetcatalog; path = Images.xcassets; sourceTree = "<group>"; };
		1AD0F9631A81BF8F007161F5 /* Base */ = {isa = PBXFileReference; lastKnownFileType = file.xib; name = Base; path = Base.lproj/LaunchScreen.xib; sourceTree = "<group>"; };
		1AD0F9691A81BF8F007161F5 /* AutoLayoutDemoTests.xctest */ = {isa = PBXFileReference; explicitFileType = wrapper.cfbundle; includeInIndex = 0; path = AutoLayoutDemoTests.xctest; sourceTree = BUILT_PRODUCTS_DIR; };
		1AD0F96E1A81BF8F007161F5 /* Info.plist */ = {isa = PBXFileReference; lastKnownFileType = text.plist.xml; path = Info.plist; sourceTree = "<group>"; };
		1AD0F96F1A81BF8F007161F5 /* AutoLayoutDemoTests.swift */ = {isa = PBXFileReference; lastKnownFileType = sourcecode.swift; path = AutoLayoutDemoTests.swift; sourceTree = "<group>"; };
/* End PBXFileReference section */

/* Begin PBXFrameworksBuildPhase section */
		1AD0F9511A81BF8F007161F5 /* Frameworks */ = {
			isa = PBXFrameworksBuildPhase;
			buildActionMask = 2147483647;
			files = (
			);
			runOnlyForDeploymentPostprocessing = 0;
		};
		1AD0F9661A81BF8F007161F5 /* Frameworks */ = {
			isa = PBXFrameworksBuildPhase;
			buildActionMask = 2147483647;
			files = (
			);
			runOnlyForDeploymentPostprocessing = 0;
		};
/* End PBXFrameworksBuildPhase section */

/* Begin PBXGroup section */
		1AD0F94B1A81BF8F007161F5 = {
			isa = PBXGroup;
			children = (
				1AD0F9561A81BF8F007161F5 /* AutoLayoutDemo */,
				1AD0F96C1A81BF8F007161F5 /* AutoLayoutDemoTests */,
				1AD0F9551A81BF8F007161F5 /* Products */,
			);
			sourceTree = "<group>";
		};
		1AD0F9551A81BF8F007161F5 /* Products */ = {
			isa = PBXGroup;
			children = (
				1AD0F9541A81BF8F007161F5 /* AutoLayoutDemo.app */,
				1AD0F9691A81BF8F007161F5 /* AutoLayoutDemoTests.xctest */,
			);
			name = Products;
			sourceTree = "<group>";
		};
		1AD0F9561A81BF8F007161F5 /* AutoLayoutDemo */ = {
			isa = PBXGroup;
			children = (
				1AD0F9591A81BF8F007161F5 /* AppDelegate.swift */,
				1AD0F95D1A81BF8F007161F5 /* Main.storyboard */,
				1AD0F9601A81BF8F007161F5 /* Images.xcassets */,
				1AD0F9621A81BF8F007161F5 /* LaunchScreen.xib */,
				1AD0F9571A81BF8F007161F5 /* Supporting Files */,
			);
			path = AutoLayoutDemo;
			sourceTree = "<group>";
		};
		1AD0F9571A81BF8F007161F5 /* Supporting Files */ = {
			isa = PBXGroup;
			children = (
				1AD0F9581A81BF8F007161F5 /* Info.plist */,
			);
			name = "Supporting Files";
			sourceTree = "<group>";
		};
		1AD0F96C1A81BF8F007161F5 /* AutoLayoutDemoTests */ = {
			isa = PBXGroup;
			children = (
				1AD0F96F1A81BF8F007161F5 /* AutoLayoutDemoTests.swift */,
				1AD0F96D1A81BF8F007161F5 /* Supporting Files */,
			);
			path = AutoLayoutDemoTests;
			sourceTree = "<group>";
		};
		1AD0F96D1A81BF8F007161F5 /* Supporting Files */ = {
			isa = PBXGroup;
			children = (
				1AD0F96E1A81BF8F007161F5 /* Info.plist */,
			);
			name = "Supporting Files";
			sourceTree = "<group>";
		};
/* End PBXGroup section */

/* Begin PBXNativeTarget section */
		1AD0F9531A81BF8F007161F5 /* AutoLayoutDemo */ = {
			isa = PBXNativeTarget;
			buildConfigurationList = 1AD0F9731A81BF8F007161F5 /* Build configuration list for PBXNativeTarget "AutoLayoutDemo" */;
			buildPhases = (
				1AD0F9501A81BF8F007161F5 /* Sources */,
				1AD0F9511A81BF8F007161F5 /* Frameworks */,
				1AD0F9521A81BF8F007161F5 /* Resources */,
			);
			buildRules = (
			);
			dependencies = (
			);
			name = AutoLayoutDemo;
			productName = AutoLayoutDemo;
			productReference = 1AD0F9541A81BF8F007161F5 /* AutoLayoutDemo.app */;
			productType = "com.apple.product-type.application";
		};
		1AD0F9681A81BF8F007161F5 /* AutoLayoutDemoTests */ = {
			isa = PBXNativeTarget;
			buildConfigurationList = 1AD0F9761A81BF8F007161F5 /* Build configuration list for PBXNativeTarget "AutoLayoutDemoTests" */;
			buildPhases = (
				1AD0F9651A81BF8F007161F5 /* Sources */,
				1AD0F9661A81BF8F007161F5 /* Frameworks */,
				1AD0F9671A81BF8F007161F5 /* Resources */,
			);
			buildRules = (
			);
			dependencies = (
				1AD0F96B1A81BF8F007161F5 /* PBXTargetDependency */,
			);
			name = AutoLayoutDemoTests;
			productName = AutoLayoutDemoTests;
			productReference = 1AD0F9691A81BF8F007161F5 /* AutoLayoutDemoTests.xctest */;
			productType = "com.apple.product-type.bundle.unit-test";
		};
/* End PBXNativeTarget section */

/* Begin PBXProject section */
		1AD0F94C1A81BF8F007161F5 /* Project object */ = {
			isa = PBXProject;
			attributes = {
				LastUpgradeCheck = 0610;
				ORGANIZATIONNAME = "Clickable Bliss";
				TargetAttributes = {
					1AD0F9531A81BF8F007161F5 = {
						CreatedOnToolsVersion = 6.1.1;
					};
					1AD0F9681A81BF8F007161F5 = {
						CreatedOnToolsVersion = 6.1.1;
						TestTargetID = 1AD0F9531A81BF8F007161F5;
					};
				};
			};
			buildConfigurationList = 1AD0F94F1A81BF8F007161F5 /* Build configuration list for PBXProject "AutoLayoutDemo" */;
			compatibilityVersion = "Xcode 3.2";
			developmentRegion = English;
			hasScannedForEncodings = 0;
			knownRegions = (
				en,
				Base,
			);
			mainGroup = 1AD0F94B1A81BF8F007161F5;
			productRefGroup = 1AD0F9551A81BF8F007161F5 /* Products */;
			projectDirPath = "";
			projectRoot = "";
			targets = (
				1AD0F9531A81BF8F007161F5 /* AutoLayoutDemo */,
				1AD0F9681A81BF8F007161F5 /* AutoLayoutDemoTests */,
			);
		};
/* End PBXProject section */

/* Begin PBXResourcesBuildPhase section */
		1AD0F9521A81BF8F007161F5 /* Resources */ = {
			isa = PBXResourcesBuildPhase;
			buildActionMask = 2147483647;
			files = (
				1AD0F95F1A81BF8F007161F5 /* Main.storyboard in Resources */,
				1AD0F9641A81BF8F007161F5 /* LaunchScreen.xib in Resources */,
				1AD0F9611A81BF8F007161F5 /* Images.xcassets in Resources */,
			);
			runOnlyForDeploymentPostprocessing = 0;
		};
		1AD0F9671A81BF8F007161F5 /* Resources */ = {
			isa = PBXResourcesBuildPhase;
			buildActionMask = 2147483647;
			files = (
			);
			runOnlyForDeploymentPostprocessing = 0;
		};
/* End PBXResourcesBuildPhase section */

/* Begin PBXSourcesBuildPhase section */
		1AD0F9501A81BF8F007161F5 /* Sources */ = {
			isa = PBXSourcesBuildPhase;
			buildActionMask = 2147483647;
			files = (
				1AD0F95A1A81BF8F007161F5 /* AppDelegate.swift in Sources */,
			);
			runOnlyForDeploymentPostprocessing = 0;
		};
		1AD0F9651A81BF8F007161F5 /* Sources */ = {
			isa = PBXSourcesBuildPhase;
			buildActionMask = 2147483647;
			files = (
				1AD0F9701A81BF8F007161F5 /* AutoLayoutDemoTests.swift in Sources */,
			);
			runOnlyForDeploymentPostprocessing = 0;
		};
/* End PBXSourcesBuildPhase section */

/* Begin PBXTargetDependency section */
		1AD0F96B1A81BF8F007161F5 /* PBXTargetDependency */ = {
			isa = PBXTargetDependency;
			target = 1AD0F9531A81BF8F007161F5 /* AutoLayoutDemo */;
			targetProxy = 1AD0F96A1A81BF8F007161F5 /* PBXContainerItemProxy */;
		};
/* End PBXTargetDependency section */

/* Begin PBXVariantGroup section */
		1AD0F95D1A81BF8F007161F5 /* Main.storyboard */ = {
			isa = PBXVariantGroup;
			children = (
				1AD0F95E1A81BF8F007161F5 /* Base */,
			);
			name = Main.storyboard;
			sourceTree = "<group>";
		};
		1AD0F9621A81BF8F007161F5 /* LaunchScreen.xib */ = {
			isa = PBXVariantGroup;
			children = (
				1AD0F9631A81BF8F007161F5 /* Base */,
			);
			name = LaunchScreen.xib;
			sourceTree = "<group>";
		};
/* End PBXVariantGroup section */

/* Begin XCBuildConfiguration section */
		1AD0F9711A81BF8F007161F5 /* Debug */ = {
			isa = XCBuildConfiguration;
			buildSettings = {
				ALWAYS_SEARCH_USER_PATHS = NO;
				CLANG_CXX_LANGUAGE_STANDARD = "gnu++0x";
				CLANG_CXX_LIBRARY = "libc++";
				CLANG_ENABLE_MODULES = YES;
				CLANG_ENABLE_OBJC_ARC = YES;
				CLANG_WARN_BOOL_CONVERSION = YES;
				CLANG_WARN_CONSTANT_CONVERSION = YES;
				CLANG_WARN_DIRECT_OBJC_ISA_USAGE = YES_ERROR;
				CLANG_WARN_EMPTY_BODY = YES;
				CLANG_WARN_ENUM_CONVERSION = YES;
				CLANG_WARN_INT_CONVERSION = YES;
				CLANG_WARN_OBJC_ROOT_CLASS = YES_ERROR;
				CLANG_WARN_UNREACHABLE_CODE = YES;
				CLANG_WARN__DUPLICATE_METHOD_MATCH = YES;
				"CODE_SIGN_IDENTITY[sdk=iphoneos*]" = "iPhone Developer";
				COPY_PHASE_STRIP = NO;
				ENABLE_STRICT_OBJC_MSGSEND = YES;
				GCC_C_LANGUAGE_STANDARD = gnu99;
				GCC_DYNAMIC_NO_PIC = NO;
				GCC_OPTIMIZATION_LEVEL = 0;
				GCC_PREPROCESSOR_DEFINITIONS = (
					"DEBUG=1",
					"$(inherited)",
				);
				GCC_SYMBOLS_PRIVATE_EXTERN = NO;
				GCC_WARN_64_TO_32_BIT_CONVERSION = YES;
				GCC_WARN_ABOUT_RETURN_TYPE = YES_ERROR;
				GCC_WARN_UNDECLARED_SELECTOR = YES;
				GCC_WARN_UNINITIALIZED_AUTOS = YES_AGGRESSIVE;
				GCC_WARN_UNUSED_FUNCTION = YES;
				GCC_WARN_UNUSED_VARIABLE = YES;
				IPHONEOS_DEPLOYMENT_TARGET = 8.1;
				MTL_ENABLE_DEBUG_INFO = YES;
				ONLY_ACTIVE_ARCH = YES;
				SDKROOT = iphoneos;
				SWIFT_OPTIMIZATION_LEVEL = "-Onone";
			};
			name = Debug;
		};
		1AD0F9721A81BF8F007161F5 /* Release */ = {
			isa = XCBuildConfiguration;
			buildSettings = {
				ALWAYS_SEARCH_USER_PATHS = NO;
				CLANG_CXX_LANGUAGE_STANDARD = "gnu++0x";
				CLANG_CXX_LIBRARY = "libc++";
				CLANG_ENABLE_MODULES = YES;
				CLANG_ENABLE_OBJC_ARC = YES;
				CLANG_WARN_BOOL_CONVERSION = YES;
				CLANG_WARN_CONSTANT_CONVERSION = YES;
				CLANG_WARN_DIRECT_OBJC_ISA_USAGE = YES_ERROR;
				CLANG_WARN_EMPTY_BODY = YES;
				CLANG_WARN_ENUM_CONVERSION = YES;
				CLANG_WARN_INT_CONVERSION = YES;
				CLANG_WARN_OBJC_ROOT_CLASS = YES_ERROR;
				CLANG_WARN_UNREACHABLE_CODE = YES;
				CLANG_WARN__DUPLICATE_METHOD_MATCH = YES;
				"CODE_SIGN_IDENTITY[sdk=iphoneos*]" = "iPhone Developer";
				COPY_PHASE_STRIP = YES;
				ENABLE_NS_ASSERTIONS = NO;
				ENABLE_STRICT_OBJC_MSGSEND = YES;
				GCC_C_LANGUAGE_STANDARD = gnu99;
				GCC_WARN_64_TO_32_BIT_CONVERSION = YES;
				GCC_WARN_ABOUT_RETURN_TYPE = YES_ERROR;
				GCC_WARN_UNDECLARED_SELECTOR = YES;
				GCC_WARN_UNINITIALIZED_AUTOS = YES_AGGRESSIVE;
				GCC_WARN_UNUSED_FUNCTION = YES;
				GCC_WARN_UNUSED_VARIABLE = YES;
				IPHONEOS_DEPLOYMENT_TARGET = 8.1;
				MTL_ENABLE_DEBUG_INFO = NO;
				SDKROOT = iphoneos;
				VALIDATE_PRODUCT = YES;
			};
			name = Release;
		};
		1AD0F9741A81BF8F007161F5 /* Debug */ = {
			isa = XCBuildConfiguration;
			buildSettings = {
				ASSETCATALOG_COMPILER_APPICON_NAME = AppIcon;
				INFOPLIST_FILE = AutoLayoutDemo/Info.plist;
				LD_RUNPATH_SEARCH_PATHS = "$(inherited) @executable_path/Frameworks";
				PRODUCT_NAME = "$(TARGET_NAME)";
			};
			name = Debug;
		};
		1AD0F9751A81BF8F007161F5 /* Release */ = {
			isa = XCBuildConfiguration;
			buildSettings = {
				ASSETCATALOG_COMPILER_APPICON_NAME = AppIcon;
				INFOPLIST_FILE = AutoLayoutDemo/Info.plist;
				LD_RUNPATH_SEARCH_PATHS = "$(inherited) @executable_path/Frameworks";
				PRODUCT_NAME = "$(TARGET_NAME)";
			};
			name = Release;
		};
		1AD0F9771A81BF8F007161F5 /* Debug */ = {
			isa = XCBuildConfiguration;
			buildSettings = {
				BUNDLE_LOADER = "$(TEST_HOST)";
				FRAMEWORK_SEARCH_PATHS = (
					"$(SDKROOT)/Developer/Library/Frameworks",
					"$(inherited)",
				);
				GCC_PREPROCESSOR_DEFINITIONS = (
					"DEBUG=1",
					"$(inherited)",
				);
				INFOPLIST_FILE = AutoLayoutDemoTests/Info.plist;
				LD_RUNPATH_SEARCH_PATHS = "$(inherited) @executable_path/Frameworks @loader_path/Frameworks";
				PRODUCT_NAME = "$(TARGET_NAME)";
				TEST_HOST = "$(BUILT_PRODUCTS_DIR)/AutoLayoutDemo.app/AutoLayoutDemo";
			};
			name = Debug;
		};
		1AD0F9781A81BF8F007161F5 /* Release */ = {
			isa = XCBuildConfiguration;
			buildSettings = {
				BUNDLE_LOADER = "$(TEST_HOST)";
				FRAMEWORK_SEARCH_PATHS = (
					"$(SDKROOT)/Developer/Library/Frameworks",
					"$(inherited)",
				);
				INFOPLIST_FILE = AutoLayoutDemoTests/Info.plist;
				LD_RUNPATH_SEARCH_PATHS = "$(inherited) @executable_path/Frameworks @loader_path/Frameworks";
				PRODUCT_NAME = "$(TARGET_NAME)";
				TEST_HOST = "$(BUILT_PRODUCTS_DIR)/AutoLayoutDemo.app/AutoLayoutDemo";
			};
			name = Release;
		};
/* End XCBuildConfiguration section */

/* Begin XCConfigurationList section */
		1AD0F94F1A81BF8F007161F5 /* Build configuration list for PBXProject "AutoLayoutDemo" */ = {
			isa = XCConfigurationList;
			buildConfigurations = (
				1AD0F9711A81BF8F007161F5 /* Debug */,
				1AD0F9721A81BF8F007161F5 /* Release */,
			);
			defaultConfigurationIsVisible = 0;
			defaultConfigurationName = Release;
		};
		1AD0F9731A81BF8F007161F5 /* Build configuration list for PBXNativeTarget "AutoLayoutDemo" */ = {
			isa = XCConfigurationList;
			buildConfigurations = (
				1AD0F9741A81BF8F007161F5 /* Debug */,
				1AD0F9751A81BF8F007161F5 /* Release */,
			);
			defaultConfigurationIsVisible = 0;
		};
		1AD0F9761A81BF8F007161F5 /* Build configuration list for PBXNativeTarget "AutoLayoutDemoTests" */ = {
			isa = XCConfigurationList;
			buildConfigurations = (
				1AD0F9771A81BF8F007161F5 /* Debug */,
				1AD0F9781A81BF8F007161F5 /* Release */,
			);
			defaultConfigurationIsVisible = 0;
		};
/* End XCConfigurationList section */
	};
	rootObject = 1AD0F94C1A81BF8F007161F5 /* Project object */;
}
