// !$*UTF8*$!
{
	archiveVersion = 1;
	classes = {
	};
	objectVersion = 46;
	objects = {

/* Begin PBXBuildFile section */
		1A0C98A31A8041B400D71F68 /* ToDoItem.swift in Sources */ = {isa = PBXBuildFile; fileRef = 1A0C98A21A8041B400D71F68 /* ToDoItem.swift */; };
		1A618A7C1A80763400FBCB19 /* NewToDoItemViewController.swift in Sources */ = {isa = PBXBuildFile; fileRef = 1A618A7B1A80763400FBCB19 /* NewToDoItemViewController.swift */; };
		1A859C781A7F329800891B1D /* AppDelegate.swift in Sources */ = {isa = PBXBuildFile; fileRef = 1A859C771A7F329800891B1D /* AppDelegate.swift */; };
		1A859C7A1A7F329800891B1D /* ToDoListViewController.swift in Sources */ = {isa = PBXBuildFile; fileRef = 1A859C791A7F329800891B1D /* ToDoListViewController.swift */; };
		1A859C7D1A7F329800891B1D /* Main.storyboard in Resources */ = {isa = PBXBuildFile; fileRef = 1A859C7B1A7F329800891B1D /* Main.storyboard */; };
		1A859C7F1A7F329800891B1D /* Images.xcassets in Resources */ = {isa = PBXBuildFile; fileRef = 1A859C7E1A7F329800891B1D /* Images.xcassets */; };
		1A859C821A7F329800891B1D /* LaunchScreen.xib in Resources */ = {isa = PBXBuildFile; fileRef = 1A859C801A7F329800891B1D /* LaunchScreen.xib */; };
		1A859C8E1A7F329800891B1D /* ToDoAppTests.swift in Sources */ = {isa = PBXBuildFile; fileRef = 1A859C8D1A7F329800891B1D /* ToDoAppTests.swift */; };
/* End PBXBuildFile section */

/* Begin PBXContainerItemProxy section */
		1A859C881A7F329800891B1D /* PBXContainerItemProxy */ = {
			isa = PBXContainerItemProxy;
			containerPortal = 1A859C6A1A7F329800891B1D /* Project object */;
			proxyType = 1;
			remoteGlobalIDString = 1A859C711A7F329800891B1D;
			remoteInfo = ToDoApp;
		};
/* End PBXContainerItemProxy section */

/* Begin PBXFileReference section */
		1A0C98A21A8041B400D71F68 /* ToDoItem.swift */ = {isa = PBXFileReference; fileEncoding = 4; lastKnownFileType = sourcecode.swift; path = ToDoItem.swift; sourceTree = "<group>"; };
		1A618A7B1A80763400FBCB19 /* NewToDoItemViewController.swift */ = {isa = PBXFileReference; fileEncoding = 4; lastKnownFileType = sourcecode.swift; path = NewToDoItemViewController.swift; sourceTree = "<group>"; };
		1A859C721A7F329800891B1D /* ToDoApp.app */ = {isa = PBXFileReference; explicitFileType = wrapper.application; includeInIndex = 0; path = ToDoApp.app; sourceTree = BUILT_PRODUCTS_DIR; };
		1A859C761A7F329800891B1D /* Info.plist */ = {isa = PBXFileReference; lastKnownFileType = text.plist.xml; path = Info.plist; sourceTree = "<group>"; };
		1A859C771A7F329800891B1D /* AppDelegate.swift */ = {isa = PBXFileReference; lastKnownFileType = sourcecode.swift; path = AppDelegate.swift; sourceTree = "<group>"; };
		1A859C791A7F329800891B1D /* ToDoListViewController.swift */ = {isa = PBXFileReference; lastKnownFileType = sourcecode.swift; path = ToDoListViewController.swift; sourceTree = "<group>"; };
		1A859C7C1A7F329800891B1D /* Base */ = {isa = PBXFileReference; lastKnownFileType = file.storyboard; name = Base; path = Base.lproj/Main.storyboard; sourceTree = "<group>"; };
		1A859C7E1A7F329800891B1D /* Images.xcassets */ = {isa = PBXFileReference; lastKnownFileType = folder.assetcatalog; path = Images.xcassets; sourceTree = "<group>"; };
		1A859C811A7F329800891B1D /* Base */ = {isa = PBXFileReference; lastKnownFileType = file.xib; name = Base; path = Base.lproj/LaunchScreen.xib; sourceTree = "<group>"; };
		1A859C871A7F329800891B1D /* ToDoAppTests.xctest */ = {isa = PBXFileReference; explicitFileType = wrapper.cfbundle; includeInIndex = 0; path = ToDoAppTests.xctest; sourceTree = BUILT_PRODUCTS_DIR; };
		1A859C8C1A7F329800891B1D /* Info.plist */ = {isa = PBXFileReference; lastKnownFileType = text.plist.xml; path = Info.plist; sourceTree = "<group>"; };
		1A859C8D1A7F329800891B1D /* ToDoAppTests.swift */ = {isa = PBXFileReference; lastKnownFileType = sourcecode.swift; path = ToDoAppTests.swift; sourceTree = "<group>"; };
/* End PBXFileReference section */

/* Begin PBXFrameworksBuildPhase section */
		1A859C6F1A7F329800891B1D /* Frameworks */ = {
			isa = PBXFrameworksBuildPhase;
			buildActionMask = 2147483647;
			files = (
			);
			runOnlyForDeploymentPostprocessing = 0;
		};
		1A859C841A7F329800891B1D /* Frameworks */ = {
			isa = PBXFrameworksBuildPhase;
			buildActionMask = 2147483647;
			files = (
			);
			runOnlyForDeploymentPostprocessing = 0;
		};
/* End PBXFrameworksBuildPhase section */

/* Begin PBXGroup section */
		1A618A7D1A80764200FBCB19 /* Models */ = {
			isa = PBXGroup;
			children = (
				1A0C98A21A8041B400D71F68 /* ToDoItem.swift */,
			);
			name = Models;
			sourceTree = "<group>";
		};
		1A618A7E1A80764800FBCB19 /* Screens */ = {
			isa = PBXGroup;
			children = (
				1A859C791A7F329800891B1D /* ToDoListViewController.swift */,
				1A618A7B1A80763400FBCB19 /* NewToDoItemViewController.swift */,
			);
			name = Screens;
			sourceTree = "<group>";
		};
		1A618A7F1A80765E00FBCB19 /* Storyboards */ = {
			isa = PBXGroup;
			children = (
				1A859C7B1A7F329800891B1D /* Main.storyboard */,
			);
			name = Storyboards;
			sourceTree = "<group>";
		};
		1A859C691A7F329800891B1D = {
			isa = PBXGroup;
			children = (
				1A859C741A7F329800891B1D /* ToDoApp */,
				1A859C8A1A7F329800891B1D /* ToDoAppTests */,
				1A859C731A7F329800891B1D /* Products */,
			);
			sourceTree = "<group>";
		};
		1A859C731A7F329800891B1D /* Products */ = {
			isa = PBXGroup;
			children = (
				1A859C721A7F329800891B1D /* ToDoApp.app */,
				1A859C871A7F329800891B1D /* ToDoAppTests.xctest */,
			);
			name = Products;
			sourceTree = "<group>";
		};
		1A859C741A7F329800891B1D /* ToDoApp */ = {
			isa = PBXGroup;
			children = (
				1A859C771A7F329800891B1D /* AppDelegate.swift */,
				1A618A7D1A80764200FBCB19 /* Models */,
				1A618A7E1A80764800FBCB19 /* Screens */,
				1A618A7F1A80765E00FBCB19 /* Storyboards */,
				1A859C7E1A7F329800891B1D /* Images.xcassets */,
				1A859C801A7F329800891B1D /* LaunchScreen.xib */,
				1A859C751A7F329800891B1D /* Supporting Files */,
			);
			path = ToDoApp;
			sourceTree = "<group>";
		};
		1A859C751A7F329800891B1D /* Supporting Files */ = {
			isa = PBXGroup;
			children = (
				1A859C761A7F329800891B1D /* Info.plist */,
			);
			name = "Supporting Files";
			sourceTree = "<group>";
		};
		1A859C8A1A7F329800891B1D /* ToDoAppTests */ = {
			isa = PBXGroup;
			children = (
				1A859C8D1A7F329800891B1D /* ToDoAppTests.swift */,
				1A859C8B1A7F329800891B1D /* Supporting Files */,
			);
			path = ToDoAppTests;
			sourceTree = "<group>";
		};
		1A859C8B1A7F329800891B1D /* Supporting Files */ = {
			isa = PBXGroup;
			children = (
				1A859C8C1A7F329800891B1D /* Info.plist */,
			);
			name = "Supporting Files";
			sourceTree = "<group>";
		};
/* End PBXGroup section */

/* Begin PBXNativeTarget section */
		1A859C711A7F329800891B1D /* ToDoApp */ = {
			isa = PBXNativeTarget;
			buildConfigurationList = 1A859C911A7F329800891B1D /* Build configuration list for PBXNativeTarget "ToDoApp" */;
			buildPhases = (
				1A859C6E1A7F329800891B1D /* Sources */,
				1A859C6F1A7F329800891B1D /* Frameworks */,
				1A859C701A7F329800891B1D /* Resources */,
			);
			buildRules = (
			);
			dependencies = (
			);
			name = ToDoApp;
			productName = ToDoApp;
			productReference = 1A859C721A7F329800891B1D /* ToDoApp.app */;
			productType = "com.apple.product-type.application";
		};
		1A859C861A7F329800891B1D /* ToDoAppTests */ = {
			isa = PBXNativeTarget;
			buildConfigurationList = 1A859C941A7F329800891B1D /* Build configuration list for PBXNativeTarget "ToDoAppTests" */;
			buildPhases = (
				1A859C831A7F329800891B1D /* Sources */,
				1A859C841A7F329800891B1D /* Frameworks */,
				1A859C851A7F329800891B1D /* Resources */,
			);
			buildRules = (
			);
			dependencies = (
				1A859C891A7F329800891B1D /* PBXTargetDependency */,
			);
			name = ToDoAppTests;
			productName = ToDoAppTests;
			productReference = 1A859C871A7F329800891B1D /* ToDoAppTests.xctest */;
			productType = "com.apple.product-type.bundle.unit-test";
		};
/* End PBXNativeTarget section */

/* Begin PBXProject section */
		1A859C6A1A7F329800891B1D /* Project object */ = {
			isa = PBXProject;
			attributes = {
				LastUpgradeCheck = 0610;
				ORGANIZATIONNAME = "Michael Zornek";
				TargetAttributes = {
					1A859C711A7F329800891B1D = {
						CreatedOnToolsVersion = 6.1;
					};
					1A859C861A7F329800891B1D = {
						CreatedOnToolsVersion = 6.1;
						TestTargetID = 1A859C711A7F329800891B1D;
					};
				};
			};
			buildConfigurationList = 1A859C6D1A7F329800891B1D /* Build configuration list for PBXProject "ToDoApp" */;
			compatibilityVersion = "Xcode 3.2";
			developmentRegion = English;
			hasScannedForEncodings = 0;
			knownRegions = (
				en,
				Base,
			);
			mainGroup = 1A859C691A7F329800891B1D;
			productRefGroup = 1A859C731A7F329800891B1D /* Products */;
			projectDirPath = "";
			projectRoot = "";
			targets = (
				1A859C711A7F329800891B1D /* ToDoApp */,
				1A859C861A7F329800891B1D /* ToDoAppTests */,
			);
		};
/* End PBXProject section */

/* Begin PBXResourcesBuildPhase section */
		1A859C701A7F329800891B1D /* Resources */ = {
			isa = PBXResourcesBuildPhase;
			buildActionMask = 2147483647;
			files = (
				1A859C7D1A7F329800891B1D /* Main.storyboard in Resources */,
				1A859C821A7F329800891B1D /* LaunchScreen.xib in Resources */,
				1A859C7F1A7F329800891B1D /* Images.xcassets in Resources */,
			);
			runOnlyForDeploymentPostprocessing = 0;
		};
		1A859C851A7F329800891B1D /* Resources */ = {
			isa = PBXResourcesBuildPhase;
			buildActionMask = 2147483647;
			files = (
			);
			runOnlyForDeploymentPostprocessing = 0;
		};
/* End PBXResourcesBuildPhase section */

/* Begin PBXSourcesBuildPhase section */
		1A859C6E1A7F329800891B1D /* Sources */ = {
			isa = PBXSourcesBuildPhase;
			buildActionMask = 2147483647;
			files = (
				1A618A7C1A80763400FBCB19 /* NewToDoItemViewController.swift in Sources */,
				1A859C7A1A7F329800891B1D /* ToDoListViewController.swift in Sources */,
				1A859C781A7F329800891B1D /* AppDelegate.swift in Sources */,
				1A0C98A31A8041B400D71F68 /* ToDoItem.swift in Sources */,
			);
			runOnlyForDeploymentPostprocessing = 0;
		};
		1A859C831A7F329800891B1D /* Sources */ = {
			isa = PBXSourcesBuildPhase;
			buildActionMask = 2147483647;
			files = (
				1A859C8E1A7F329800891B1D /* ToDoAppTests.swift in Sources */,
			);
			runOnlyForDeploymentPostprocessing = 0;
		};
/* End PBXSourcesBuildPhase section */

/* Begin PBXTargetDependency section */
		1A859C891A7F329800891B1D /* PBXTargetDependency */ = {
			isa = PBXTargetDependency;
			target = 1A859C711A7F329800891B1D /* ToDoApp */;
			targetProxy = 1A859C881A7F329800891B1D /* PBXContainerItemProxy */;
		};
/* End PBXTargetDependency section */

/* Begin PBXVariantGroup section */
		1A859C7B1A7F329800891B1D /* Main.storyboard */ = {
			isa = PBXVariantGroup;
			children = (
				1A859C7C1A7F329800891B1D /* Base */,
			);
			name = Main.storyboard;
			sourceTree = "<group>";
		};
		1A859C801A7F329800891B1D /* LaunchScreen.xib */ = {
			isa = PBXVariantGroup;
			children = (
				1A859C811A7F329800891B1D /* Base */,
			);
			name = LaunchScreen.xib;
			sourceTree = "<group>";
		};
/* End PBXVariantGroup section */

/* Begin XCBuildConfiguration section */
		1A859C8F1A7F329800891B1D /* Debug */ = {
			isa = XCBuildConfiguration;
			buildSettings = {
				ALWAYS_SEARCH_USER_PATHS = NO;
				CLANG_CXX_LANGUAGE_STANDARD = "gnu++0x";
				CLANG_CXX_LIBRARY = "libc++";
				CLANG_ENABLE_MODULES = YES;
				CLANG_ENABLE_OBJC_ARC = YES;
				CLANG_WARN_BOOL_CONVERSION = YES;
				CLANG_WARN_CONSTANT_CONVERSION = YES;
				CLANG_WARN_DIRECT_OBJC_ISA_USAGE = YES_ERROR;
				CLANG_WARN_EMPTY_BODY = YES;
				CLANG_WARN_ENUM_CONVERSION = YES;
				CLANG_WARN_INT_CONVERSION = YES;
				CLANG_WARN_OBJC_ROOT_CLASS = YES_ERROR;
				CLANG_WARN_UNREACHABLE_CODE = YES;
				CLANG_WARN__DUPLICATE_METHOD_MATCH = YES;
				"CODE_SIGN_IDENTITY[sdk=iphoneos*]" = "iPhone Developer";
				COPY_PHASE_STRIP = NO;
				ENABLE_STRICT_OBJC_MSGSEND = YES;
				GCC_C_LANGUAGE_STANDARD = gnu99;
				GCC_DYNAMIC_NO_PIC = NO;
				GCC_OPTIMIZATION_LEVEL = 0;
				GCC_PREPROCESSOR_DEFINITIONS = (
					"DEBUG=1",
					"$(inherited)",
				);
				GCC_SYMBOLS_PRIVATE_EXTERN = NO;
				GCC_WARN_64_TO_32_BIT_CONVERSION = YES;
				GCC_WARN_ABOUT_RETURN_TYPE = YES_ERROR;
				GCC_WARN_UNDECLARED_SELECTOR = YES;
				GCC_WARN_UNINITIALIZED_AUTOS = YES_AGGRESSIVE;
				GCC_WARN_UNUSED_FUNCTION = YES;
				GCC_WARN_UNUSED_VARIABLE = YES;
				IPHONEOS_DEPLOYMENT_TARGET = 8.1;
				MTL_ENABLE_DEBUG_INFO = YES;
				ONLY_ACTIVE_ARCH = YES;
				SDKROOT = iphoneos;
				SWIFT_OPTIMIZATION_LEVEL = "-Onone";
			};
			name = Debug;
		};
		1A859C901A7F329800891B1D /* Release */ = {
			isa = XCBuildConfiguration;
			buildSettings = {
				ALWAYS_SEARCH_USER_PATHS = NO;
				CLANG_CXX_LANGUAGE_STANDARD = "gnu++0x";
				CLANG_CXX_LIBRARY = "libc++";
				CLANG_ENABLE_MODULES = YES;
				CLANG_ENABLE_OBJC_ARC = YES;
				CLANG_WARN_BOOL_CONVERSION = YES;
				CLANG_WARN_CONSTANT_CONVERSION = YES;
				CLANG_WARN_DIRECT_OBJC_ISA_USAGE = YES_ERROR;
				CLANG_WARN_EMPTY_BODY = YES;
				CLANG_WARN_ENUM_CONVERSION = YES;
				CLANG_WARN_INT_CONVERSION = YES;
				CLANG_WARN_OBJC_ROOT_CLASS = YES_ERROR;
				CLANG_WARN_UNREACHABLE_CODE = YES;
				CLANG_WARN__DUPLICATE_METHOD_MATCH = YES;
				"CODE_SIGN_IDENTITY[sdk=iphoneos*]" = "iPhone Developer";
				COPY_PHASE_STRIP = YES;
				ENABLE_NS_ASSERTIONS = NO;
				ENABLE_STRICT_OBJC_MSGSEND = YES;
				GCC_C_LANGUAGE_STANDARD = gnu99;
				GCC_WARN_64_TO_32_BIT_CONVERSION = YES;
				GCC_WARN_ABOUT_RETURN_TYPE = YES_ERROR;
				GCC_WARN_UNDECLARED_SELECTOR = YES;
				GCC_WARN_UNINITIALIZED_AUTOS = YES_AGGRESSIVE;
				GCC_WARN_UNUSED_FUNCTION = YES;
				GCC_WARN_UNUSED_VARIABLE = YES;
				IPHONEOS_DEPLOYMENT_TARGET = 8.1;
				MTL_ENABLE_DEBUG_INFO = NO;
				SDKROOT = iphoneos;
				VALIDATE_PRODUCT = YES;
			};
			name = Release;
		};
		1A859C921A7F329800891B1D /* Debug */ = {
			isa = XCBuildConfiguration;
			buildSettings = {
				ASSETCATALOG_COMPILER_APPICON_NAME = AppIcon;
				INFOPLIST_FILE = ToDoApp/Info.plist;
				LD_RUNPATH_SEARCH_PATHS = "$(inherited) @executable_path/Frameworks";
				PRODUCT_NAME = "$(TARGET_NAME)";
			};
			name = Debug;
		};
		1A859C931A7F329800891B1D /* Release */ = {
			isa = XCBuildConfiguration;
			buildSettings = {
				ASSETCATALOG_COMPILER_APPICON_NAME = AppIcon;
				INFOPLIST_FILE = ToDoApp/Info.plist;
				LD_RUNPATH_SEARCH_PATHS = "$(inherited) @executable_path/Frameworks";
				PRODUCT_NAME = "$(TARGET_NAME)";
			};
			name = Release;
		};
		1A859C951A7F329800891B1D /* Debug */ = {
			isa = XCBuildConfiguration;
			buildSettings = {
				BUNDLE_LOADER = "$(TEST_HOST)";
				FRAMEWORK_SEARCH_PATHS = (
					"$(SDKROOT)/Developer/Library/Frameworks",
					"$(inherited)",
				);
				GCC_PREPROCESSOR_DEFINITIONS = (
					"DEBUG=1",
					"$(inherited)",
				);
				INFOPLIST_FILE = ToDoAppTests/Info.plist;
				LD_RUNPATH_SEARCH_PATHS = "$(inherited) @executable_path/Frameworks @loader_path/Frameworks";
				PRODUCT_NAME = "$(TARGET_NAME)";
				TEST_HOST = "$(BUILT_PRODUCTS_DIR)/ToDoApp.app/ToDoApp";
			};
			name = Debug;
		};
		1A859C961A7F329800891B1D /* Release */ = {
			isa = XCBuildConfiguration;
			buildSettings = {
				BUNDLE_LOADER = "$(TEST_HOST)";
				FRAMEWORK_SEARCH_PATHS = (
					"$(SDKROOT)/Developer/Library/Frameworks",
					"$(inherited)",
				);
				INFOPLIST_FILE = ToDoAppTests/Info.plist;
				LD_RUNPATH_SEARCH_PATHS = "$(inherited) @executable_path/Frameworks @loader_path/Frameworks";
				PRODUCT_NAME = "$(TARGET_NAME)";
				TEST_HOST = "$(BUILT_PRODUCTS_DIR)/ToDoApp.app/ToDoApp";
			};
			name = Release;
		};
/* End XCBuildConfiguration section */

/* Begin XCConfigurationList section */
		1A859C6D1A7F329800891B1D /* Build configuration list for PBXProject "ToDoApp" */ = {
			isa = XCConfigurationList;
			buildConfigurations = (
				1A859C8F1A7F329800891B1D /* Debug */,
				1A859C901A7F329800891B1D /* Release */,
			);
			defaultConfigurationIsVisible = 0;
			defaultConfigurationName = Release;
		};
		1A859C911A7F329800891B1D /* Build configuration list for PBXNativeTarget "ToDoApp" */ = {
			isa = XCConfigurationList;
			buildConfigurations = (
				1A859C921A7F329800891B1D /* Debug */,
				1A859C931A7F329800891B1D /* Release */,
			);
			defaultConfigurationIsVisible = 0;
			defaultConfigurationName = Release;
		};
		1A859C941A7F329800891B1D /* Build configuration list for PBXNativeTarget "ToDoAppTests" */ = {
			isa = XCConfigurationList;
			buildConfigurations = (
				1A859C951A7F329800891B1D /* Debug */,
				1A859C961A7F329800891B1D /* Release */,
			);
			defaultConfigurationIsVisible = 0;
			defaultConfigurationName = Release;
		};
/* End XCConfigurationList section */
	};
	rootObject = 1A859C6A1A7F329800891B1D /* Project object */;
}
